
Microsoft Visual Studio Solution File, Format Version 12.00
# Visual Studio Version 16
VisualStudioVersion = 16.0.30309.148
MinimumVisualStudioVersion = 10.0.40219.1
Project("{FAE04EC0-301F-11D3-BF4B-00C04F79EFBC}") = "FahrenheitApp", "FahrenheitApp\FahrenheitApp.csproj", "{3E2E95EB-85B8-4736-835C-D1042DE2EE00}"
EndProject
Project("{FAE04EC0-301F-11D3-BF4B-00C04F79EFBC}") = "UnitTestTemperature", "UnitTestTemperature\UnitTestTemperature.csproj", "{0AA2D916-2E2F-4ACF-A8AA-7902CD1FA625}"
EndProject
Global
	GlobalSection(SolutionConfigurationPlatforms) = preSolution
		Debug|Any CPU = Debug|Any CPU
		Release|Any CPU = Release|Any CPU
	EndGlobalSection
	GlobalSection(ProjectConfigurationPlatforms) = postSolution
		{3E2E95EB-85B8-4736-835C-D1042DE2EE00}.Debug|Any CPU.ActiveCfg = Debug|Any CPU
		{3E2E95EB-85B8-4736-835C-D1042DE2EE00}.Debug|Any CPU.Build.0 = Debug|Any CPU
		{3E2E95EB-85B8-4736-835C-D1042DE2EE00}.Release|Any CPU.ActiveCfg = Release|Any CPU
		{3E2E95EB-85B8-4736-835C-D1042DE2EE00}.Release|Any CPU.Build.0 = Release|Any CPU
		{0AA2D916-2E2F-4ACF-A8AA-7902CD1FA625}.Debug|Any CPU.ActiveCfg = Debug|Any CPU
		{0AA2D916-2E2F-4ACF-A8AA-7902CD1FA625}.Debug|Any CPU.Build.0 = Debug|Any CPU
		{0AA2D916-2E2F-4ACF-A8AA-7902CD1FA625}.Release|Any CPU.ActiveCfg = Release|Any CPU
		{0AA2D916-2E2F-4ACF-A8AA-7902CD1FA625}.Release|Any CPU.Build.0 = Release|Any CPU
	EndGlobalSection
	GlobalSection(SolutionProperties) = preSolution
		HideSolutionNode = FALSE
	EndGlobalSection
	GlobalSection(ExtensibilityGlobals) = postSolution
		SolutionGuid = {F8EAC17C-5FB0-4788-8CAA-BC007E97BFAB}
	EndGlobalSection
EndGlobal
